
Microsoft Visual Studio Solution File, Format Version 12.00
# Visual Studio 2012
Project("{2150E333-8FDC-42A3-9474-1A3956D46DE8}") = "PowerUp", "PowerUp", "{B0C0F02D-14EE-4BFE-89D3-083FF7A13683}"
EndProject
Project("{FAE04EC0-301F-11D3-BF4B-00C04F79EFBC}") = "PowerUpCheckUtils", "PowerUpCheckUtils\PowerUpCheckUtils.csproj", "{CE40C941-6632-42B1-8250-01567C495FC5}"
EndProject
Project("{FAE04EC0-301F-11D3-BF4B-00C04F79EFBC}") = "PowerUpConvertUtils", "PowerUpConvertUtils\PowerUpConvertUtils.csproj", "{0BE495D6-63E1-4E7F-BA0A-62D96E684706}"
EndProject
Project("{FAE04EC0-301F-11D3-BF4B-00C04F79EFBC}") = "PowerUpCryptUtils", "PowerUpCryptUtils\PowerUpCryptUtils.csproj", "{037A6543-CA5B-4DD3-97E6-1A526525C7F6}"
EndProject
Project("{FAE04EC0-301F-11D3-BF4B-00C04F79EFBC}") = "PowerUpDateTimeUtils", "PowerUpDateTimeUtils\PowerUpDateTimeUtils.csproj", "{B3D1C345-989C-487B-A3ED-C65338E52421}"
EndProject
Project("{FAE04EC0-301F-11D3-BF4B-00C04F79EFBC}") = "PowerUpEmailUtils", "PowerUpEmailUtils\PowerUpEmailUtils.csproj", "{31BD76E2-85A4-4D9D-9E82-3A1BCA689C42}"
EndProject
Project("{FAE04EC0-301F-11D3-BF4B-00C04F79EFBC}") = "PowerUpFileSystemUtils", "PowerUpFileSystemUtils\PowerUpFileSystemUtils.csproj", "{9824DE8B-6084-4421-BCC5-C68D19249C1C}"
EndProject
Project("{FAE04EC0-301F-11D3-BF4B-00C04F79EFBC}") = "PowerUpGetUtils", "PowerUpGetUtils\PowerUpGetUtils.csproj", "{2C89A2FF-02A6-4573-9905-705ADC442A8F}"
EndProject
Project("{FAE04EC0-301F-11D3-BF4B-00C04F79EFBC}") = "PowerUpStringUtils", "PowerUpStringUtils\PowerUpStringUtils.csproj", "{9DF645D5-01BF-4C27-9998-D3B487A34828}"
EndProject
Project("{FAE04EC0-301F-11D3-BF4B-00C04F79EFBC}") = "PowerUpXmlUtils", "PowerUpXmlUtils\PowerUpXmlUtils.csproj", "{D265F256-CD6D-48BF-9F68-FD01879EA958}"
EndProject
Project("{FAE04EC0-301F-11D3-BF4B-00C04F79EFBC}") = "InMemoryLoaderCommon", "InMemoryLoaderCommon\InMemoryLoaderCommon.csproj", "{14803A71-3990-4D53-8BEC-085B76B200B2}"
EndProject
Project("{FAE04EC0-301F-11D3-BF4B-00C04F79EFBC}") = "InMemoryLoaderCommonUnitTest", "InMemoryLoaderCommonUnitTest\InMemoryLoaderCommonUnitTest.csproj", "{227226F2-9FE6-4645-B118-A3EF32D78931}"
EndProject
Project("{FAE04EC0-301F-11D3-BF4B-00C04F79EFBC}") = "InMemoryLoaderCommenTestSuite", "InMemoryLoaderCommenTestSuite\InMemoryLoaderCommenTestSuite.csproj", "{9A70F878-CE6C-4BD3-B189-3FC98CAAEA36}"
EndProject
Global
	GlobalSection(SolutionConfigurationPlatforms) = preSolution
		Debug|x86 = Debug|x86
		Release|x86 = Release|x86
	EndGlobalSection
	GlobalSection(ProjectConfigurationPlatforms) = postSolution
		{037A6543-CA5B-4DD3-97E6-1A526525C7F6}.Debug|x86.ActiveCfg = Debug|Any CPU
		{037A6543-CA5B-4DD3-97E6-1A526525C7F6}.Debug|x86.Build.0 = Debug|Any CPU
		{037A6543-CA5B-4DD3-97E6-1A526525C7F6}.Release|x86.ActiveCfg = Release|Any CPU
		{037A6543-CA5B-4DD3-97E6-1A526525C7F6}.Release|x86.Build.0 = Release|Any CPU
		{0BE495D6-63E1-4E7F-BA0A-62D96E684706}.Debug|x86.ActiveCfg = Debug|Any CPU
		{0BE495D6-63E1-4E7F-BA0A-62D96E684706}.Debug|x86.Build.0 = Debug|Any CPU
		{0BE495D6-63E1-4E7F-BA0A-62D96E684706}.Release|x86.ActiveCfg = Release|Any CPU
		{0BE495D6-63E1-4E7F-BA0A-62D96E684706}.Release|x86.Build.0 = Release|Any CPU
		{14803A71-3990-4D53-8BEC-085B76B200B2}.Debug|x86.ActiveCfg = Debug|Any CPU
		{14803A71-3990-4D53-8BEC-085B76B200B2}.Debug|x86.Build.0 = Debug|Any CPU
		{14803A71-3990-4D53-8BEC-085B76B200B2}.Release|x86.ActiveCfg = Release|Any CPU
		{14803A71-3990-4D53-8BEC-085B76B200B2}.Release|x86.Build.0 = Release|Any CPU
		{227226F2-9FE6-4645-B118-A3EF32D78931}.Debug|x86.ActiveCfg = Debug|Any CPU
		{227226F2-9FE6-4645-B118-A3EF32D78931}.Debug|x86.Build.0 = Debug|Any CPU
		{227226F2-9FE6-4645-B118-A3EF32D78931}.Release|x86.ActiveCfg = Release|Any CPU
		{227226F2-9FE6-4645-B118-A3EF32D78931}.Release|x86.Build.0 = Release|Any CPU
		{2C89A2FF-02A6-4573-9905-705ADC442A8F}.Debug|x86.ActiveCfg = Debug|Any CPU
		{2C89A2FF-02A6-4573-9905-705ADC442A8F}.Debug|x86.Build.0 = Debug|Any CPU
		{2C89A2FF-02A6-4573-9905-705ADC442A8F}.Release|x86.ActiveCfg = Release|Any CPU
		{2C89A2FF-02A6-4573-9905-705ADC442A8F}.Release|x86.Build.0 = Release|Any CPU
		{31BD76E2-85A4-4D9D-9E82-3A1BCA689C42}.Debug|x86.ActiveCfg = Debug|Any CPU
		{31BD76E2-85A4-4D9D-9E82-3A1BCA689C42}.Debug|x86.Build.0 = Debug|Any CPU
		{31BD76E2-85A4-4D9D-9E82-3A1BCA689C42}.Release|x86.ActiveCfg = Release|Any CPU
		{31BD76E2-85A4-4D9D-9E82-3A1BCA689C42}.Release|x86.Build.0 = Release|Any CPU
		{9824DE8B-6084-4421-BCC5-C68D19249C1C}.Debug|x86.ActiveCfg = Debug|Any CPU
		{9824DE8B-6084-4421-BCC5-C68D19249C1C}.Debug|x86.Build.0 = Debug|Any CPU
		{9824DE8B-6084-4421-BCC5-C68D19249C1C}.Release|x86.ActiveCfg = Release|Any CPU
		{9824DE8B-6084-4421-BCC5-C68D19249C1C}.Release|x86.Build.0 = Release|Any CPU
		{9A70F878-CE6C-4BD3-B189-3FC98CAAEA36}.Debug|x86.ActiveCfg = Debug|x86
		{9A70F878-CE6C-4BD3-B189-3FC98CAAEA36}.Debug|x86.Build.0 = Debug|x86
		{9A70F878-CE6C-4BD3-B189-3FC98CAAEA36}.Release|x86.ActiveCfg = Release|x86
		{9A70F878-CE6C-4BD3-B189-3FC98CAAEA36}.Release|x86.Build.0 = Release|x86
		{9DF645D5-01BF-4C27-9998-D3B487A34828}.Debug|x86.ActiveCfg = Debug|Any CPU
		{9DF645D5-01BF-4C27-9998-D3B487A34828}.Debug|x86.Build.0 = Debug|Any CPU
		{9DF645D5-01BF-4C27-9998-D3B487A34828}.Release|x86.ActiveCfg = Release|Any CPU
		{9DF645D5-01BF-4C27-9998-D3B487A34828}.Release|x86.Build.0 = Release|Any CPU
		{B3D1C345-989C-487B-A3ED-C65338E52421}.Debug|x86.ActiveCfg = Debug|Any CPU
		{B3D1C345-989C-487B-A3ED-C65338E52421}.Debug|x86.Build.0 = Debug|Any CPU
		{B3D1C345-989C-487B-A3ED-C65338E52421}.Release|x86.ActiveCfg = Release|Any CPU
		{B3D1C345-989C-487B-A3ED-C65338E52421}.Release|x86.Build.0 = Release|Any CPU
		{CE40C941-6632-42B1-8250-01567C495FC5}.Debug|x86.ActiveCfg = Debug|Any CPU
		{CE40C941-6632-42B1-8250-01567C495FC5}.Debug|x86.Build.0 = Debug|Any CPU
		{CE40C941-6632-42B1-8250-01567C495FC5}.Release|x86.ActiveCfg = Release|Any CPU
		{CE40C941-6632-42B1-8250-01567C495FC5}.Release|x86.Build.0 = Release|Any CPU
		{D265F256-CD6D-48BF-9F68-FD01879EA958}.Debug|x86.ActiveCfg = Debug|Any CPU
		{D265F256-CD6D-48BF-9F68-FD01879EA958}.Debug|x86.Build.0 = Debug|Any CPU
		{D265F256-CD6D-48BF-9F68-FD01879EA958}.Release|x86.ActiveCfg = Release|Any CPU
		{D265F256-CD6D-48BF-9F68-FD01879EA958}.Release|x86.Build.0 = Release|Any CPU
	EndGlobalSection
	GlobalSection(NestedProjects) = preSolution
		{CE40C941-6632-42B1-8250-01567C495FC5} = {B0C0F02D-14EE-4BFE-89D3-083FF7A13683}
		{0BE495D6-63E1-4E7F-BA0A-62D96E684706} = {B0C0F02D-14EE-4BFE-89D3-083FF7A13683}
		{037A6543-CA5B-4DD3-97E6-1A526525C7F6} = {B0C0F02D-14EE-4BFE-89D3-083FF7A13683}
		{B3D1C345-989C-487B-A3ED-C65338E52421} = {B0C0F02D-14EE-4BFE-89D3-083FF7A13683}
		{31BD76E2-85A4-4D9D-9E82-3A1BCA689C42} = {B0C0F02D-14EE-4BFE-89D3-083FF7A13683}
		{9824DE8B-6084-4421-BCC5-C68D19249C1C} = {B0C0F02D-14EE-4BFE-89D3-083FF7A13683}
		{2C89A2FF-02A6-4573-9905-705ADC442A8F} = {B0C0F02D-14EE-4BFE-89D3-083FF7A13683}
		{9DF645D5-01BF-4C27-9998-D3B487A34828} = {B0C0F02D-14EE-4BFE-89D3-083FF7A13683}
		{D265F256-CD6D-48BF-9F68-FD01879EA958} = {B0C0F02D-14EE-4BFE-89D3-083FF7A13683}
	EndGlobalSection
EndGlobal
