
Microsoft Visual Studio Solution File, Format Version 12.00
# Visual Studio 2012
Project("{2150E333-8FDC-42A3-9474-1A3956D46DE8}") = "InMemoryLoaderCommonUtils", "InMemoryLoaderCommonUtils", "{B0C0F02D-14EE-4BFE-89D3-083FF7A13683}"
EndProject
Project("{FAE04EC0-301F-11D3-BF4B-00C04F79EFBC}") = "InMemoryCheckUtils", "InMemoryCheckUtils\InMemoryCheckUtils.csproj", "{D3404B26-554B-4D94-A868-207CE11FFC7E}"
EndProject
Project("{FAE04EC0-301F-11D3-BF4B-00C04F79EFBC}") = "InMemoryLoaderCommonTestConsole", "InMemoryLoaderCommonTestConsole\InMemoryLoaderCommonTestConsole.csproj", "{9098A598-13AB-4009-AC00-034AA4FD5E8C}"
EndProject
Project("{FAE04EC0-301F-11D3-BF4B-00C04F79EFBC}") = "InMemoryLoaderCommon", "InMemoryLoaderCommon\InMemoryLoaderCommon.csproj", "{14803A71-3990-4D53-8BEC-085B76B200B2}"
EndProject
Global
	GlobalSection(SolutionConfigurationPlatforms) = preSolution
		Debug|x86 = Debug|x86
		Release|x86 = Release|x86
	EndGlobalSection
	GlobalSection(ProjectConfigurationPlatforms) = postSolution
		{14803A71-3990-4D53-8BEC-085B76B200B2}.Debug|x86.ActiveCfg = Debug|Any CPU
		{14803A71-3990-4D53-8BEC-085B76B200B2}.Debug|x86.Build.0 = Debug|Any CPU
		{14803A71-3990-4D53-8BEC-085B76B200B2}.Release|x86.ActiveCfg = Release|Any CPU
		{14803A71-3990-4D53-8BEC-085B76B200B2}.Release|x86.Build.0 = Release|Any CPU
		{9098A598-13AB-4009-AC00-034AA4FD5E8C}.Debug|x86.ActiveCfg = Debug|x86
		{9098A598-13AB-4009-AC00-034AA4FD5E8C}.Debug|x86.Build.0 = Debug|x86
		{9098A598-13AB-4009-AC00-034AA4FD5E8C}.Release|x86.ActiveCfg = Release|x86
		{9098A598-13AB-4009-AC00-034AA4FD5E8C}.Release|x86.Build.0 = Release|x86
		{D3404B26-554B-4D94-A868-207CE11FFC7E}.Debug|x86.ActiveCfg = Debug|Any CPU
		{D3404B26-554B-4D94-A868-207CE11FFC7E}.Debug|x86.Build.0 = Debug|Any CPU
		{D3404B26-554B-4D94-A868-207CE11FFC7E}.Release|x86.ActiveCfg = Release|Any CPU
		{D3404B26-554B-4D94-A868-207CE11FFC7E}.Release|x86.Build.0 = Release|Any CPU
	EndGlobalSection
	GlobalSection(NestedProjects) = preSolution
		{D3404B26-554B-4D94-A868-207CE11FFC7E} = {B0C0F02D-14EE-4BFE-89D3-083FF7A13683}
	EndGlobalSection
EndGlobal
